
Microsoft Visual Studio Solution File, Format Version 12.00
# Visual Studio Version 17
VisualStudioVersion = 17.8.34330.188
MinimumVisualStudioVersion = 10.0.40219.1
Project("{9A19103F-16F7-4668-BE54-9A1E7A4F7556}") = "Codespirals.Base", "Codespirals.Base\Codespirals.Base.csproj", "{9F711833-9F50-4A21-9F5A-A883EAF7B6EA}"
EndProject
Project("{9A19103F-16F7-4668-BE54-9A1E7A4F7556}") = "Codespirals.Base.Resources", "Codespirals.Base.Resources\Codespirals.Base.Resources.csproj", "{74879C75-0E00-4B26-8F9F-8F402E52B278}"
EndProject
Project("{FAE04EC0-301F-11D3-BF4B-00C04F79EFBC}") = "Codespirals.Base.Shared", "Codespirals.Base.Shared\Codespirals.Base.Shared.csproj", "{4C96EEC1-AF99-4800-B2CE-C72DCA4B68F3}"
EndProject
Project("{FAE04EC0-301F-11D3-BF4B-00C04F79EFBC}") = "Codespirals.Base.Backend", "Codespirals.Base.Backend\Codespirals.Base.Backend.csproj", "{4ABF01B5-0196-4E04-9853-24F3D45258AD}"
EndProject
Project("{FAE04EC0-301F-11D3-BF4B-00C04F79EFBC}") = "Codespirals.Base.Frontend", "Codespirals.Base.Frontend\Codespirals.Base.Frontend.csproj", "{6C980B2C-C33F-4CF2-8476-4EBE3AE8D105}"
EndProject
Global
	GlobalSection(SolutionConfigurationPlatforms) = preSolution
		Debug|Any CPU = Debug|Any CPU
		Release|Any CPU = Release|Any CPU
	EndGlobalSection
	GlobalSection(ProjectConfigurationPlatforms) = postSolution
		{9F711833-9F50-4A21-9F5A-A883EAF7B6EA}.Debug|Any CPU.ActiveCfg = Debug|Any CPU
		{9F711833-9F50-4A21-9F5A-A883EAF7B6EA}.Debug|Any CPU.Build.0 = Debug|Any CPU
		{9F711833-9F50-4A21-9F5A-A883EAF7B6EA}.Release|Any CPU.ActiveCfg = Release|Any CPU
		{9F711833-9F50-4A21-9F5A-A883EAF7B6EA}.Release|Any CPU.Build.0 = Release|Any CPU
		{74879C75-0E00-4B26-8F9F-8F402E52B278}.Debug|Any CPU.ActiveCfg = Debug|Any CPU
		{74879C75-0E00-4B26-8F9F-8F402E52B278}.Debug|Any CPU.Build.0 = Debug|Any CPU
		{74879C75-0E00-4B26-8F9F-8F402E52B278}.Release|Any CPU.ActiveCfg = Release|Any CPU
		{74879C75-0E00-4B26-8F9F-8F402E52B278}.Release|Any CPU.Build.0 = Release|Any CPU
		{4C96EEC1-AF99-4800-B2CE-C72DCA4B68F3}.Debug|Any CPU.ActiveCfg = Debug|Any CPU
		{4C96EEC1-AF99-4800-B2CE-C72DCA4B68F3}.Debug|Any CPU.Build.0 = Debug|Any CPU
		{4C96EEC1-AF99-4800-B2CE-C72DCA4B68F3}.Release|Any CPU.ActiveCfg = Release|Any CPU
		{4C96EEC1-AF99-4800-B2CE-C72DCA4B68F3}.Release|Any CPU.Build.0 = Release|Any CPU
		{4ABF01B5-0196-4E04-9853-24F3D45258AD}.Debug|Any CPU.ActiveCfg = Debug|Any CPU
		{4ABF01B5-0196-4E04-9853-24F3D45258AD}.Debug|Any CPU.Build.0 = Debug|Any CPU
		{4ABF01B5-0196-4E04-9853-24F3D45258AD}.Release|Any CPU.ActiveCfg = Release|Any CPU
		{4ABF01B5-0196-4E04-9853-24F3D45258AD}.Release|Any CPU.Build.0 = Release|Any CPU
		{6C980B2C-C33F-4CF2-8476-4EBE3AE8D105}.Debug|Any CPU.ActiveCfg = Debug|Any CPU
		{6C980B2C-C33F-4CF2-8476-4EBE3AE8D105}.Debug|Any CPU.Build.0 = Debug|Any CPU
		{6C980B2C-C33F-4CF2-8476-4EBE3AE8D105}.Release|Any CPU.ActiveCfg = Release|Any CPU
		{6C980B2C-C33F-4CF2-8476-4EBE3AE8D105}.Release|Any CPU.Build.0 = Release|Any CPU
	EndGlobalSection
	GlobalSection(SolutionProperties) = preSolution
		HideSolutionNode = FALSE
	EndGlobalSection
	GlobalSection(ExtensibilityGlobals) = postSolution
		SolutionGuid = {C578D72C-66A1-49B4-BE39-B62784323489}
	EndGlobalSection
EndGlobal
